// !$*UTF8*$!
{
	archiveVersion = 1;
	classes = {
	};
	objectVersion = 50;
	objects = {

/* Begin PBXBuildFile section */
		5208A2A924A41EBE0002A522 /* RecordingModel.xcdatamodeld in Sources */ = {isa = PBXBuildFile; fileRef = 5208A2A724A41EBE0002A522 /* RecordingModel.xcdatamodeld */; };
		520AA5A924A94A68003D5012 /* CardCell.swift in Sources */ = {isa = PBXBuildFile; fileRef = 520AA5A824A94A68003D5012 /* CardCell.swift */; };
		528C6E5624A96F3100D7D6F1 /* MapViewController.swift in Sources */ = {isa = PBXBuildFile; fileRef = 528C6E5524A96F3100D7D6F1 /* MapViewController.swift */; };
		52DE5D8D24A1881C0097C63F /* AppDelegate.swift in Sources */ = {isa = PBXBuildFile; fileRef = 52DE5D8C24A1881C0097C63F /* AppDelegate.swift */; };
		52DE5D8F24A1881C0097C63F /* SceneDelegate.swift in Sources */ = {isa = PBXBuildFile; fileRef = 52DE5D8E24A1881C0097C63F /* SceneDelegate.swift */; };
		52DE5D9124A1881C0097C63F /* RecordViewController.swift in Sources */ = {isa = PBXBuildFile; fileRef = 52DE5D9024A1881C0097C63F /* RecordViewController.swift */; };
		52DE5D9324A1881C0097C63F /* RecordListViewController.swift in Sources */ = {isa = PBXBuildFile; fileRef = 52DE5D9224A1881C0097C63F /* RecordListViewController.swift */; };
		52DE5D9624A1881C0097C63F /* Main.storyboard in Resources */ = {isa = PBXBuildFile; fileRef = 52DE5D9424A1881C0097C63F /* Main.storyboard */; };
		52DE5D9824A188200097C63F /* Assets.xcassets in Resources */ = {isa = PBXBuildFile; fileRef = 52DE5D9724A188200097C63F /* Assets.xcassets */; };
		52DE5D9B24A188200097C63F /* LaunchScreen.storyboard in Resources */ = {isa = PBXBuildFile; fileRef = 52DE5D9924A188200097C63F /* LaunchScreen.storyboard */; };
/* End PBXBuildFile section */

/* Begin PBXFileReference section */
		5208A2A824A41EBE0002A522 /* RecordingModel.xcdatamodel */ = {isa = PBXFileReference; lastKnownFileType = wrapper.xcdatamodel; path = RecordingModel.xcdatamodel; sourceTree = "<group>"; };
		520AA5A824A94A68003D5012 /* CardCell.swift */ = {isa = PBXFileReference; lastKnownFileType = sourcecode.swift; path = CardCell.swift; sourceTree = "<group>"; };
		528C6E5524A96F3100D7D6F1 /* MapViewController.swift */ = {isa = PBXFileReference; lastKnownFileType = sourcecode.swift; path = MapViewController.swift; sourceTree = "<group>"; };
		52DE5D8924A1881C0097C63F /* SONYC-Project.app */ = {isa = PBXFileReference; explicitFileType = wrapper.application; includeInIndex = 0; path = "SONYC-Project.app"; sourceTree = BUILT_PRODUCTS_DIR; };
		52DE5D8C24A1881C0097C63F /* AppDelegate.swift */ = {isa = PBXFileReference; lastKnownFileType = sourcecode.swift; path = AppDelegate.swift; sourceTree = "<group>"; };
		52DE5D8E24A1881C0097C63F /* SceneDelegate.swift */ = {isa = PBXFileReference; lastKnownFileType = sourcecode.swift; path = SceneDelegate.swift; sourceTree = "<group>"; };
		52DE5D9024A1881C0097C63F /* RecordViewController.swift */ = {isa = PBXFileReference; lastKnownFileType = sourcecode.swift; path = RecordViewController.swift; sourceTree = "<group>"; };
		52DE5D9224A1881C0097C63F /* RecordListViewController.swift */ = {isa = PBXFileReference; lastKnownFileType = sourcecode.swift; path = RecordListViewController.swift; sourceTree = "<group>"; };
		52DE5D9524A1881C0097C63F /* Base */ = {isa = PBXFileReference; lastKnownFileType = file.storyboard; name = Base; path = Base.lproj/Main.storyboard; sourceTree = "<group>"; };
		52DE5D9724A188200097C63F /* Assets.xcassets */ = {isa = PBXFileReference; lastKnownFileType = folder.assetcatalog; path = Assets.xcassets; sourceTree = "<group>"; };
		52DE5D9A24A188200097C63F /* Base */ = {isa = PBXFileReference; lastKnownFileType = file.storyboard; name = Base; path = Base.lproj/LaunchScreen.storyboard; sourceTree = "<group>"; };
		52DE5D9C24A188200097C63F /* Info.plist */ = {isa = PBXFileReference; lastKnownFileType = text.plist.xml; path = Info.plist; sourceTree = "<group>"; };
/* End PBXFileReference section */

/* Begin PBXFrameworksBuildPhase section */
		52DE5D8624A1881C0097C63F /* Frameworks */ = {
			isa = PBXFrameworksBuildPhase;
			buildActionMask = 2147483647;
			files = (
			);
			runOnlyForDeploymentPostprocessing = 0;
		};
/* End PBXFrameworksBuildPhase section */

/* Begin PBXGroup section */
		520AA5B224A96176003D5012 /* Controllers */ = {
			isa = PBXGroup;
			children = (
				52DE5D9024A1881C0097C63F /* RecordViewController.swift */,
				52DE5D9224A1881C0097C63F /* RecordListViewController.swift */,
				528C6E5524A96F3100D7D6F1 /* MapViewController.swift */,
			);
			path = Controllers;
			sourceTree = "<group>";
		};
		520AA5B524A96313003D5012 /* Data Models */ = {
			isa = PBXGroup;
			children = (
				5208A2A724A41EBE0002A522 /* RecordingModel.xcdatamodeld */,
			);
			path = "Data Models";
			sourceTree = "<group>";
		};
		520AA5B724A9632F003D5012 /* Views */ = {
			isa = PBXGroup;
			children = (
				520AA5A824A94A68003D5012 /* CardCell.swift */,
			);
			path = Views;
			sourceTree = "<group>";
		};
		520AA5B824A96340003D5012 /* Support FIles */ = {
			isa = PBXGroup;
			children = (
				52DE5D8E24A1881C0097C63F /* SceneDelegate.swift */,
				52DE5D9424A1881C0097C63F /* Main.storyboard */,
				52DE5D9924A188200097C63F /* LaunchScreen.storyboard */,
				52DE5D9C24A188200097C63F /* Info.plist */,
				52DE5D8C24A1881C0097C63F /* AppDelegate.swift */,
				52DE5D9724A188200097C63F /* Assets.xcassets */,
			);
			path = "Support FIles";
			sourceTree = "<group>";
		};
		52DE5D8024A1881B0097C63F = {
			isa = PBXGroup;
			children = (
				52DE5D8B24A1881C0097C63F /* SONYC-Project */,
				52DE5D8A24A1881C0097C63F /* Products */,
			);
			sourceTree = "<group>";
		};
		52DE5D8A24A1881C0097C63F /* Products */ = {
			isa = PBXGroup;
			children = (
				52DE5D8924A1881C0097C63F /* SONYC-Project.app */,
			);
			name = Products;
			sourceTree = "<group>";
		};
		52DE5D8B24A1881C0097C63F /* SONYC-Project */ = {
			isa = PBXGroup;
			children = (
				520AA5B224A96176003D5012 /* Controllers */,
				520AA5B824A96340003D5012 /* Support FIles */,
				520AA5B724A9632F003D5012 /* Views */,
				520AA5B524A96313003D5012 /* Data Models */,
			);
			path = "SONYC-Project";
			sourceTree = "<group>";
		};
/* End PBXGroup section */

/* Begin PBXNativeTarget section */
		52DE5D8824A1881C0097C63F /* SONYC-Project */ = {
			isa = PBXNativeTarget;
			buildConfigurationList = 52DE5D9F24A188200097C63F /* Build configuration list for PBXNativeTarget "SONYC-Project" */;
			buildPhases = (
				52DE5D8524A1881C0097C63F /* Sources */,
				52DE5D8624A1881C0097C63F /* Frameworks */,
				52DE5D8724A1881C0097C63F /* Resources */,
			);
			buildRules = (
			);
			dependencies = (
			);
			name = "SONYC-Project";
			productName = "SONYC-Project";
			productReference = 52DE5D8924A1881C0097C63F /* SONYC-Project.app */;
			productType = "com.apple.product-type.application";
		};
/* End PBXNativeTarget section */

/* Begin PBXProject section */
		52DE5D8124A1881B0097C63F /* Project object */ = {
			isa = PBXProject;
			attributes = {
				LastSwiftUpdateCheck = 1150;
				LastUpgradeCheck = 1150;
				ORGANIZATIONNAME = modouniang;
				TargetAttributes = {
					52DE5D8824A1881C0097C63F = {
						CreatedOnToolsVersion = 11.5;
					};
				};
			};
			buildConfigurationList = 52DE5D8424A1881B0097C63F /* Build configuration list for PBXProject "SONYC-Project" */;
			compatibilityVersion = "Xcode 9.3";
			developmentRegion = en;
			hasScannedForEncodings = 0;
			knownRegions = (
				en,
				Base,
			);
			mainGroup = 52DE5D8024A1881B0097C63F;
			productRefGroup = 52DE5D8A24A1881C0097C63F /* Products */;
			projectDirPath = "";
			projectRoot = "";
			targets = (
				52DE5D8824A1881C0097C63F /* SONYC-Project */,
			);
		};
/* End PBXProject section */

/* Begin PBXResourcesBuildPhase section */
		52DE5D8724A1881C0097C63F /* Resources */ = {
			isa = PBXResourcesBuildPhase;
			buildActionMask = 2147483647;
			files = (
				52DE5D9B24A188200097C63F /* LaunchScreen.storyboard in Resources */,
				52DE5D9824A188200097C63F /* Assets.xcassets in Resources */,
				52DE5D9624A1881C0097C63F /* Main.storyboard in Resources */,
			);
			runOnlyForDeploymentPostprocessing = 0;
		};
/* End PBXResourcesBuildPhase section */

/* Begin PBXSourcesBuildPhase section */
		52DE5D8524A1881C0097C63F /* Sources */ = {
			isa = PBXSourcesBuildPhase;
			buildActionMask = 2147483647;
			files = (
				52DE5D9324A1881C0097C63F /* RecordListViewController.swift in Sources */,
				52DE5D9124A1881C0097C63F /* RecordViewController.swift in Sources */,
				52DE5D8D24A1881C0097C63F /* AppDelegate.swift in Sources */,
				52DE5D8F24A1881C0097C63F /* SceneDelegate.swift in Sources */,
				5208A2A924A41EBE0002A522 /* RecordingModel.xcdatamodeld in Sources */,
				520AA5A924A94A68003D5012 /* CardCell.swift in Sources */,
				528C6E5624A96F3100D7D6F1 /* MapViewController.swift in Sources */,
			);
			runOnlyForDeploymentPostprocessing = 0;
		};
/* End PBXSourcesBuildPhase section */

/* Begin PBXVariantGroup section */
		52DE5D9424A1881C0097C63F /* Main.storyboard */ = {
			isa = PBXVariantGroup;
			children = (
				52DE5D9524A1881C0097C63F /* Base */,
			);
			name = Main.storyboard;
			sourceTree = "<group>";
		};
		52DE5D9924A188200097C63F /* LaunchScreen.storyboard */ = {
			isa = PBXVariantGroup;
			children = (
				52DE5D9A24A188200097C63F /* Base */,
			);
			name = LaunchScreen.storyboard;
			sourceTree = "<group>";
		};
/* End PBXVariantGroup section */

/* Begin XCBuildConfiguration section */
		52DE5D9D24A188200097C63F /* Debug */ = {
			isa = XCBuildConfiguration;
			buildSettings = {
				ALWAYS_SEARCH_USER_PATHS = NO;
				CLANG_ANALYZER_NONNULL = YES;
				CLANG_ANALYZER_NUMBER_OBJECT_CONVERSION = YES_AGGRESSIVE;
				CLANG_CXX_LANGUAGE_STANDARD = "gnu++14";
				CLANG_CXX_LIBRARY = "libc++";
				CLANG_ENABLE_MODULES = YES;
				CLANG_ENABLE_OBJC_ARC = YES;
				CLANG_ENABLE_OBJC_WEAK = YES;
				CLANG_WARN_BLOCK_CAPTURE_AUTORELEASING = YES;
				CLANG_WARN_BOOL_CONVERSION = YES;
				CLANG_WARN_COMMA = YES;
				CLANG_WARN_CONSTANT_CONVERSION = YES;
				CLANG_WARN_DEPRECATED_OBJC_IMPLEMENTATIONS = YES;
				CLANG_WARN_DIRECT_OBJC_ISA_USAGE = YES_ERROR;
				CLANG_WARN_DOCUMENTATION_COMMENTS = YES;
				CLANG_WARN_EMPTY_BODY = YES;
				CLANG_WARN_ENUM_CONVERSION = YES;
				CLANG_WARN_INFINITE_RECURSION = YES;
				CLANG_WARN_INT_CONVERSION = YES;
				CLANG_WARN_NON_LITERAL_NULL_CONVERSION = YES;
				CLANG_WARN_OBJC_IMPLICIT_RETAIN_SELF = YES;
				CLANG_WARN_OBJC_LITERAL_CONVERSION = YES;
				CLANG_WARN_OBJC_ROOT_CLASS = YES_ERROR;
				CLANG_WARN_RANGE_LOOP_ANALYSIS = YES;
				CLANG_WARN_STRICT_PROTOTYPES = YES;
				CLANG_WARN_SUSPICIOUS_MOVE = YES;
				CLANG_WARN_UNGUARDED_AVAILABILITY = YES_AGGRESSIVE;
				CLANG_WARN_UNREACHABLE_CODE = YES;
				CLANG_WARN__DUPLICATE_METHOD_MATCH = YES;
				COPY_PHASE_STRIP = NO;
				DEBUG_INFORMATION_FORMAT = dwarf;
				ENABLE_STRICT_OBJC_MSGSEND = YES;
				ENABLE_TESTABILITY = YES;
				GCC_C_LANGUAGE_STANDARD = gnu11;
				GCC_DYNAMIC_NO_PIC = NO;
				GCC_NO_COMMON_BLOCKS = YES;
				GCC_OPTIMIZATION_LEVEL = 0;
				GCC_PREPROCESSOR_DEFINITIONS = (
					"DEBUG=1",
					"$(inherited)",
				);
				GCC_WARN_64_TO_32_BIT_CONVERSION = YES;
				GCC_WARN_ABOUT_RETURN_TYPE = YES_ERROR;
				GCC_WARN_UNDECLARED_SELECTOR = YES;
				GCC_WARN_UNINITIALIZED_AUTOS = YES_AGGRESSIVE;
				GCC_WARN_UNUSED_FUNCTION = YES;
				GCC_WARN_UNUSED_VARIABLE = YES;
				IPHONEOS_DEPLOYMENT_TARGET = 13.5;
				MTL_ENABLE_DEBUG_INFO = INCLUDE_SOURCE;
				MTL_FAST_MATH = YES;
				ONLY_ACTIVE_ARCH = YES;
				SDKROOT = iphoneos;
				SWIFT_ACTIVE_COMPILATION_CONDITIONS = DEBUG;
				SWIFT_OPTIMIZATION_LEVEL = "-Onone";
			};
			name = Debug;
		};
		52DE5D9E24A188200097C63F /* Release */ = {
			isa = XCBuildConfiguration;
			buildSettings = {
				ALWAYS_SEARCH_USER_PATHS = NO;
				CLANG_ANALYZER_NONNULL = YES;
				CLANG_ANALYZER_NUMBER_OBJECT_CONVERSION = YES_AGGRESSIVE;
				CLANG_CXX_LANGUAGE_STANDARD = "gnu++14";
				CLANG_CXX_LIBRARY = "libc++";
				CLANG_ENABLE_MODULES = YES;
				CLANG_ENABLE_OBJC_ARC = YES;
				CLANG_ENABLE_OBJC_WEAK = YES;
				CLANG_WARN_BLOCK_CAPTURE_AUTORELEASING = YES;
				CLANG_WARN_BOOL_CONVERSION = YES;
				CLANG_WARN_COMMA = YES;
				CLANG_WARN_CONSTANT_CONVERSION = YES;
				CLANG_WARN_DEPRECATED_OBJC_IMPLEMENTATIONS = YES;
				CLANG_WARN_DIRECT_OBJC_ISA_USAGE = YES_ERROR;
				CLANG_WARN_DOCUMENTATION_COMMENTS = YES;
				CLANG_WARN_EMPTY_BODY = YES;
				CLANG_WARN_ENUM_CONVERSION = YES;
				CLANG_WARN_INFINITE_RECURSION = YES;
				CLANG_WARN_INT_CONVERSION = YES;
				CLANG_WARN_NON_LITERAL_NULL_CONVERSION = YES;
				CLANG_WARN_OBJC_IMPLICIT_RETAIN_SELF = YES;
				CLANG_WARN_OBJC_LITERAL_CONVERSION = YES;
				CLANG_WARN_OBJC_ROOT_CLASS = YES_ERROR;
				CLANG_WARN_RANGE_LOOP_ANALYSIS = YES;
				CLANG_WARN_STRICT_PROTOTYPES = YES;
				CLANG_WARN_SUSPICIOUS_MOVE = YES;
				CLANG_WARN_UNGUARDED_AVAILABILITY = YES_AGGRESSIVE;
				CLANG_WARN_UNREACHABLE_CODE = YES;
				CLANG_WARN__DUPLICATE_METHOD_MATCH = YES;
				COPY_PHASE_STRIP = NO;
				DEBUG_INFORMATION_FORMAT = "dwarf-with-dsym";
				ENABLE_NS_ASSERTIONS = NO;
				ENABLE_STRICT_OBJC_MSGSEND = YES;
				GCC_C_LANGUAGE_STANDARD = gnu11;
				GCC_NO_COMMON_BLOCKS = YES;
				GCC_WARN_64_TO_32_BIT_CONVERSION = YES;
				GCC_WARN_ABOUT_RETURN_TYPE = YES_ERROR;
				GCC_WARN_UNDECLARED_SELECTOR = YES;
				GCC_WARN_UNINITIALIZED_AUTOS = YES_AGGRESSIVE;
				GCC_WARN_UNUSED_FUNCTION = YES;
				GCC_WARN_UNUSED_VARIABLE = YES;
				IPHONEOS_DEPLOYMENT_TARGET = 13.5;
				MTL_ENABLE_DEBUG_INFO = NO;
				MTL_FAST_MATH = YES;
				SDKROOT = iphoneos;
				SWIFT_COMPILATION_MODE = wholemodule;
				SWIFT_OPTIMIZATION_LEVEL = "-O";
				VALIDATE_PRODUCT = YES;
			};
			name = Release;
		};
		52DE5DA024A188200097C63F /* Debug */ = {
			isa = XCBuildConfiguration;
			buildSettings = {
				ASSETCATALOG_COMPILER_APPICON_NAME = AppIcon;
				CODE_SIGN_STYLE = Automatic;
				DEVELOPMENT_TEAM = WRXW3U8AZ5;
				INFOPLIST_FILE = "$(SRCROOT)/SONYC-Project/Support FIles/Info.plist";
				LD_RUNPATH_SEARCH_PATHS = (
					"$(inherited)",
					"@executable_path/Frameworks",
				);
				PRODUCT_BUNDLE_IDENTIFIER = "com.modouniang.SONYC-Project";
				PRODUCT_NAME = "$(TARGET_NAME)";
				SWIFT_VERSION = 5.0;
				TARGETED_DEVICE_FAMILY = "1,2";
			};
			name = Debug;
		};
		52DE5DA124A188200097C63F /* Release */ = {
			isa = XCBuildConfiguration;
			buildSettings = {
				ASSETCATALOG_COMPILER_APPICON_NAME = AppIcon;
				CODE_SIGN_STYLE = Automatic;
				DEVELOPMENT_TEAM = WRXW3U8AZ5;
				INFOPLIST_FILE = "$(SRCROOT)/SONYC-Project/Support FIles/Info.plist";
				LD_RUNPATH_SEARCH_PATHS = (
					"$(inherited)",
					"@executable_path/Frameworks",
				);
				PRODUCT_BUNDLE_IDENTIFIER = "com.modouniang.SONYC-Project";
				PRODUCT_NAME = "$(TARGET_NAME)";
				SWIFT_VERSION = 5.0;
				TARGETED_DEVICE_FAMILY = "1,2";
			};
			name = Release;
		};
/* End XCBuildConfiguration section */

/* Begin XCConfigurationList section */
		52DE5D8424A1881B0097C63F /* Build configuration list for PBXProject "SONYC-Project" */ = {
			isa = XCConfigurationList;
			buildConfigurations = (
				52DE5D9D24A188200097C63F /* Debug */,
				52DE5D9E24A188200097C63F /* Release */,
			);
			defaultConfigurationIsVisible = 0;
			defaultConfigurationName = Release;
		};
		52DE5D9F24A188200097C63F /* Build configuration list for PBXNativeTarget "SONYC-Project" */ = {
			isa = XCConfigurationList;
			buildConfigurations = (
				52DE5DA024A188200097C63F /* Debug */,
				52DE5DA124A188200097C63F /* Release */,
			);
			defaultConfigurationIsVisible = 0;
			defaultConfigurationName = Release;
		};
/* End XCConfigurationList section */

/* Begin XCVersionGroup section */
		5208A2A724A41EBE0002A522 /* RecordingModel.xcdatamodeld */ = {
			isa = XCVersionGroup;
			children = (
				5208A2A824A41EBE0002A522 /* RecordingModel.xcdatamodel */,
			);
			currentVersion = 5208A2A824A41EBE0002A522 /* RecordingModel.xcdatamodel */;
			path = RecordingModel.xcdatamodeld;
			sourceTree = "<group>";
			versionGroupType = wrapper.xcdatamodel;
		};
/* End XCVersionGroup section */
	};
	rootObject = 52DE5D8124A1881B0097C63F /* Project object */;
}
