// !$*UTF8*$!
{
	archiveVersion = 1;
	classes = {
	};
	objectVersion = 50;
	objects = {

/* Begin PBXBuildFile section */
		52D5C2232491C47300931BD5 /* AppDelegate.swift in Sources */ = {isa = PBXBuildFile; fileRef = 52D5C2222491C47300931BD5 /* AppDelegate.swift */; };
		52D5C2252491C47300931BD5 /* SceneDelegate.swift in Sources */ = {isa = PBXBuildFile; fileRef = 52D5C2242491C47300931BD5 /* SceneDelegate.swift */; };
		52D5C2272491C47300931BD5 /* ViewController.swift in Sources */ = {isa = PBXBuildFile; fileRef = 52D5C2262491C47300931BD5 /* ViewController.swift */; };
		52D5C22A2491C47300931BD5 /* Main.storyboard in Resources */ = {isa = PBXBuildFile; fileRef = 52D5C2282491C47300931BD5 /* Main.storyboard */; };
		52D5C22C2491C47800931BD5 /* Assets.xcassets in Resources */ = {isa = PBXBuildFile; fileRef = 52D5C22B2491C47800931BD5 /* Assets.xcassets */; };
		52D5C22F2491C47800931BD5 /* LaunchScreen.storyboard in Resources */ = {isa = PBXBuildFile; fileRef = 52D5C22D2491C47800931BD5 /* LaunchScreen.storyboard */; };
		52D5C23A2491C47900931BD5 /* SONYC_Initial_Project_Part_2Tests.swift in Sources */ = {isa = PBXBuildFile; fileRef = 52D5C2392491C47900931BD5 /* SONYC_Initial_Project_Part_2Tests.swift */; };
		52D5C2452491C47900931BD5 /* SONYC_Initial_Project_Part_2UITests.swift in Sources */ = {isa = PBXBuildFile; fileRef = 52D5C2442491C47900931BD5 /* SONYC_Initial_Project_Part_2UITests.swift */; };
/* End PBXBuildFile section */

/* Begin PBXContainerItemProxy section */
		52D5C2362491C47800931BD5 /* PBXContainerItemProxy */ = {
			isa = PBXContainerItemProxy;
			containerPortal = 52D5C2172491C47300931BD5 /* Project object */;
			proxyType = 1;
			remoteGlobalIDString = 52D5C21E2491C47300931BD5;
			remoteInfo = "SONYC Initial Project Part 2";
		};
		52D5C2412491C47900931BD5 /* PBXContainerItemProxy */ = {
			isa = PBXContainerItemProxy;
			containerPortal = 52D5C2172491C47300931BD5 /* Project object */;
			proxyType = 1;
			remoteGlobalIDString = 52D5C21E2491C47300931BD5;
			remoteInfo = "SONYC Initial Project Part 2";
		};
/* End PBXContainerItemProxy section */

/* Begin PBXFileReference section */
		52D5C21F2491C47300931BD5 /* SONYC Initial Project Part 2.app */ = {isa = PBXFileReference; explicitFileType = wrapper.application; includeInIndex = 0; path = "SONYC Initial Project Part 2.app"; sourceTree = BUILT_PRODUCTS_DIR; };
		52D5C2222491C47300931BD5 /* AppDelegate.swift */ = {isa = PBXFileReference; lastKnownFileType = sourcecode.swift; path = AppDelegate.swift; sourceTree = "<group>"; };
		52D5C2242491C47300931BD5 /* SceneDelegate.swift */ = {isa = PBXFileReference; lastKnownFileType = sourcecode.swift; path = SceneDelegate.swift; sourceTree = "<group>"; };
		52D5C2262491C47300931BD5 /* ViewController.swift */ = {isa = PBXFileReference; lastKnownFileType = sourcecode.swift; path = ViewController.swift; sourceTree = "<group>"; };
		52D5C2292491C47300931BD5 /* Base */ = {isa = PBXFileReference; lastKnownFileType = file.storyboard; name = Base; path = Base.lproj/Main.storyboard; sourceTree = "<group>"; };
		52D5C22B2491C47800931BD5 /* Assets.xcassets */ = {isa = PBXFileReference; lastKnownFileType = folder.assetcatalog; path = Assets.xcassets; sourceTree = "<group>"; };
		52D5C22E2491C47800931BD5 /* Base */ = {isa = PBXFileReference; lastKnownFileType = file.storyboard; name = Base; path = Base.lproj/LaunchScreen.storyboard; sourceTree = "<group>"; };
		52D5C2302491C47800931BD5 /* Info.plist */ = {isa = PBXFileReference; lastKnownFileType = text.plist.xml; path = Info.plist; sourceTree = "<group>"; };
		52D5C2352491C47800931BD5 /* SONYC Initial Project Part 2Tests.xctest */ = {isa = PBXFileReference; explicitFileType = wrapper.cfbundle; includeInIndex = 0; path = "SONYC Initial Project Part 2Tests.xctest"; sourceTree = BUILT_PRODUCTS_DIR; };
		52D5C2392491C47900931BD5 /* SONYC_Initial_Project_Part_2Tests.swift */ = {isa = PBXFileReference; lastKnownFileType = sourcecode.swift; path = SONYC_Initial_Project_Part_2Tests.swift; sourceTree = "<group>"; };
		52D5C23B2491C47900931BD5 /* Info.plist */ = {isa = PBXFileReference; lastKnownFileType = text.plist.xml; path = Info.plist; sourceTree = "<group>"; };
		52D5C2402491C47900931BD5 /* SONYC Initial Project Part 2UITests.xctest */ = {isa = PBXFileReference; explicitFileType = wrapper.cfbundle; includeInIndex = 0; path = "SONYC Initial Project Part 2UITests.xctest"; sourceTree = BUILT_PRODUCTS_DIR; };
		52D5C2442491C47900931BD5 /* SONYC_Initial_Project_Part_2UITests.swift */ = {isa = PBXFileReference; lastKnownFileType = sourcecode.swift; path = SONYC_Initial_Project_Part_2UITests.swift; sourceTree = "<group>"; };
		52D5C2462491C47900931BD5 /* Info.plist */ = {isa = PBXFileReference; lastKnownFileType = text.plist.xml; path = Info.plist; sourceTree = "<group>"; };
/* End PBXFileReference section */

/* Begin PBXFrameworksBuildPhase section */
		52D5C21C2491C47300931BD5 /* Frameworks */ = {
			isa = PBXFrameworksBuildPhase;
			buildActionMask = 2147483647;
			files = (
			);
			runOnlyForDeploymentPostprocessing = 0;
		};
		52D5C2322491C47800931BD5 /* Frameworks */ = {
			isa = PBXFrameworksBuildPhase;
			buildActionMask = 2147483647;
			files = (
			);
			runOnlyForDeploymentPostprocessing = 0;
		};
		52D5C23D2491C47900931BD5 /* Frameworks */ = {
			isa = PBXFrameworksBuildPhase;
			buildActionMask = 2147483647;
			files = (
			);
			runOnlyForDeploymentPostprocessing = 0;
		};
/* End PBXFrameworksBuildPhase section */

/* Begin PBXGroup section */
		52D5C2162491C47300931BD5 = {
			isa = PBXGroup;
			children = (
				52D5C2212491C47300931BD5 /* SONYC Initial Project Part 2 */,
				52D5C2382491C47800931BD5 /* SONYC Initial Project Part 2Tests */,
				52D5C2432491C47900931BD5 /* SONYC Initial Project Part 2UITests */,
				52D5C2202491C47300931BD5 /* Products */,
			);
			sourceTree = "<group>";
		};
		52D5C2202491C47300931BD5 /* Products */ = {
			isa = PBXGroup;
			children = (
				52D5C21F2491C47300931BD5 /* SONYC Initial Project Part 2.app */,
				52D5C2352491C47800931BD5 /* SONYC Initial Project Part 2Tests.xctest */,
				52D5C2402491C47900931BD5 /* SONYC Initial Project Part 2UITests.xctest */,
			);
			name = Products;
			sourceTree = "<group>";
		};
		52D5C2212491C47300931BD5 /* SONYC Initial Project Part 2 */ = {
			isa = PBXGroup;
			children = (
				52D5C2222491C47300931BD5 /* AppDelegate.swift */,
				52D5C2242491C47300931BD5 /* SceneDelegate.swift */,
				52D5C2262491C47300931BD5 /* ViewController.swift */,
				52D5C2282491C47300931BD5 /* Main.storyboard */,
				52D5C22B2491C47800931BD5 /* Assets.xcassets */,
				52D5C22D2491C47800931BD5 /* LaunchScreen.storyboard */,
				52D5C2302491C47800931BD5 /* Info.plist */,
			);
			path = "SONYC Initial Project Part 2";
			sourceTree = "<group>";
		};
		52D5C2382491C47800931BD5 /* SONYC Initial Project Part 2Tests */ = {
			isa = PBXGroup;
			children = (
				52D5C2392491C47900931BD5 /* SONYC_Initial_Project_Part_2Tests.swift */,
				52D5C23B2491C47900931BD5 /* Info.plist */,
			);
			path = "SONYC Initial Project Part 2Tests";
			sourceTree = "<group>";
		};
		52D5C2432491C47900931BD5 /* SONYC Initial Project Part 2UITests */ = {
			isa = PBXGroup;
			children = (
				52D5C2442491C47900931BD5 /* SONYC_Initial_Project_Part_2UITests.swift */,
				52D5C2462491C47900931BD5 /* Info.plist */,
			);
			path = "SONYC Initial Project Part 2UITests";
			sourceTree = "<group>";
		};
/* End PBXGroup section */

/* Begin PBXNativeTarget section */
		52D5C21E2491C47300931BD5 /* SONYC Initial Project Part 2 */ = {
			isa = PBXNativeTarget;
			buildConfigurationList = 52D5C2492491C47900931BD5 /* Build configuration list for PBXNativeTarget "SONYC Initial Project Part 2" */;
			buildPhases = (
				52D5C21B2491C47300931BD5 /* Sources */,
				52D5C21C2491C47300931BD5 /* Frameworks */,
				52D5C21D2491C47300931BD5 /* Resources */,
			);
			buildRules = (
			);
			dependencies = (
			);
			name = "SONYC Initial Project Part 2";
			productName = "SONYC Initial Project Part 2";
			productReference = 52D5C21F2491C47300931BD5 /* SONYC Initial Project Part 2.app */;
			productType = "com.apple.product-type.application";
		};
		52D5C2342491C47800931BD5 /* SONYC Initial Project Part 2Tests */ = {
			isa = PBXNativeTarget;
			buildConfigurationList = 52D5C24C2491C47900931BD5 /* Build configuration list for PBXNativeTarget "SONYC Initial Project Part 2Tests" */;
			buildPhases = (
				52D5C2312491C47800931BD5 /* Sources */,
				52D5C2322491C47800931BD5 /* Frameworks */,
				52D5C2332491C47800931BD5 /* Resources */,
			);
			buildRules = (
			);
			dependencies = (
				52D5C2372491C47800931BD5 /* PBXTargetDependency */,
			);
			name = "SONYC Initial Project Part 2Tests";
			productName = "SONYC Initial Project Part 2Tests";
			productReference = 52D5C2352491C47800931BD5 /* SONYC Initial Project Part 2Tests.xctest */;
			productType = "com.apple.product-type.bundle.unit-test";
		};
		52D5C23F2491C47900931BD5 /* SONYC Initial Project Part 2UITests */ = {
			isa = PBXNativeTarget;
			buildConfigurationList = 52D5C24F2491C47900931BD5 /* Build configuration list for PBXNativeTarget "SONYC Initial Project Part 2UITests" */;
			buildPhases = (
				52D5C23C2491C47900931BD5 /* Sources */,
				52D5C23D2491C47900931BD5 /* Frameworks */,
				52D5C23E2491C47900931BD5 /* Resources */,
			);
			buildRules = (
			);
			dependencies = (
				52D5C2422491C47900931BD5 /* PBXTargetDependency */,
			);
			name = "SONYC Initial Project Part 2UITests";
			productName = "SONYC Initial Project Part 2UITests";
			productReference = 52D5C2402491C47900931BD5 /* SONYC Initial Project Part 2UITests.xctest */;
			productType = "com.apple.product-type.bundle.ui-testing";
		};
/* End PBXNativeTarget section */

/* Begin PBXProject section */
		52D5C2172491C47300931BD5 /* Project object */ = {
			isa = PBXProject;
			attributes = {
				LastSwiftUpdateCheck = 1150;
				LastUpgradeCheck = 1150;
				ORGANIZATIONNAME = modouniang;
				TargetAttributes = {
					52D5C21E2491C47300931BD5 = {
						CreatedOnToolsVersion = 11.5;
					};
					52D5C2342491C47800931BD5 = {
						CreatedOnToolsVersion = 11.5;
						TestTargetID = 52D5C21E2491C47300931BD5;
					};
					52D5C23F2491C47900931BD5 = {
						CreatedOnToolsVersion = 11.5;
						TestTargetID = 52D5C21E2491C47300931BD5;
					};
				};
			};
			buildConfigurationList = 52D5C21A2491C47300931BD5 /* Build configuration list for PBXProject "SONYC Initial Project Part 2" */;
			compatibilityVersion = "Xcode 9.3";
			developmentRegion = en;
			hasScannedForEncodings = 0;
			knownRegions = (
				en,
				Base,
			);
			mainGroup = 52D5C2162491C47300931BD5;
			productRefGroup = 52D5C2202491C47300931BD5 /* Products */;
			projectDirPath = "";
			projectRoot = "";
			targets = (
				52D5C21E2491C47300931BD5 /* SONYC Initial Project Part 2 */,
				52D5C2342491C47800931BD5 /* SONYC Initial Project Part 2Tests */,
				52D5C23F2491C47900931BD5 /* SONYC Initial Project Part 2UITests */,
			);
		};
/* End PBXProject section */

/* Begin PBXResourcesBuildPhase section */
		52D5C21D2491C47300931BD5 /* Resources */ = {
			isa = PBXResourcesBuildPhase;
			buildActionMask = 2147483647;
			files = (
				52D5C22F2491C47800931BD5 /* LaunchScreen.storyboard in Resources */,
				52D5C22C2491C47800931BD5 /* Assets.xcassets in Resources */,
				52D5C22A2491C47300931BD5 /* Main.storyboard in Resources */,
			);
			runOnlyForDeploymentPostprocessing = 0;
		};
		52D5C2332491C47800931BD5 /* Resources */ = {
			isa = PBXResourcesBuildPhase;
			buildActionMask = 2147483647;
			files = (
			);
			runOnlyForDeploymentPostprocessing = 0;
		};
		52D5C23E2491C47900931BD5 /* Resources */ = {
			isa = PBXResourcesBuildPhase;
			buildActionMask = 2147483647;
			files = (
			);
			runOnlyForDeploymentPostprocessing = 0;
		};
/* End PBXResourcesBuildPhase section */

/* Begin PBXSourcesBuildPhase section */
		52D5C21B2491C47300931BD5 /* Sources */ = {
			isa = PBXSourcesBuildPhase;
			buildActionMask = 2147483647;
			files = (
				52D5C2272491C47300931BD5 /* ViewController.swift in Sources */,
				52D5C2232491C47300931BD5 /* AppDelegate.swift in Sources */,
				52D5C2252491C47300931BD5 /* SceneDelegate.swift in Sources */,
			);
			runOnlyForDeploymentPostprocessing = 0;
		};
		52D5C2312491C47800931BD5 /* Sources */ = {
			isa = PBXSourcesBuildPhase;
			buildActionMask = 2147483647;
			files = (
				52D5C23A2491C47900931BD5 /* SONYC_Initial_Project_Part_2Tests.swift in Sources */,
			);
			runOnlyForDeploymentPostprocessing = 0;
		};
		52D5C23C2491C47900931BD5 /* Sources */ = {
			isa = PBXSourcesBuildPhase;
			buildActionMask = 2147483647;
			files = (
				52D5C2452491C47900931BD5 /* SONYC_Initial_Project_Part_2UITests.swift in Sources */,
			);
			runOnlyForDeploymentPostprocessing = 0;
		};
/* End PBXSourcesBuildPhase section */

/* Begin PBXTargetDependency section */
		52D5C2372491C47800931BD5 /* PBXTargetDependency */ = {
			isa = PBXTargetDependency;
			target = 52D5C21E2491C47300931BD5 /* SONYC Initial Project Part 2 */;
			targetProxy = 52D5C2362491C47800931BD5 /* PBXContainerItemProxy */;
		};
		52D5C2422491C47900931BD5 /* PBXTargetDependency */ = {
			isa = PBXTargetDependency;
			target = 52D5C21E2491C47300931BD5 /* SONYC Initial Project Part 2 */;
			targetProxy = 52D5C2412491C47900931BD5 /* PBXContainerItemProxy */;
		};
/* End PBXTargetDependency section */

/* Begin PBXVariantGroup section */
		52D5C2282491C47300931BD5 /* Main.storyboard */ = {
			isa = PBXVariantGroup;
			children = (
				52D5C2292491C47300931BD5 /* Base */,
			);
			name = Main.storyboard;
			sourceTree = "<group>";
		};
		52D5C22D2491C47800931BD5 /* LaunchScreen.storyboard */ = {
			isa = PBXVariantGroup;
			children = (
				52D5C22E2491C47800931BD5 /* Base */,
			);
			name = LaunchScreen.storyboard;
			sourceTree = "<group>";
		};
/* End PBXVariantGroup section */

/* Begin XCBuildConfiguration section */
		52D5C2472491C47900931BD5 /* Debug */ = {
			isa = XCBuildConfiguration;
			buildSettings = {
				ALWAYS_SEARCH_USER_PATHS = NO;
				CLANG_ANALYZER_NONNULL = YES;
				CLANG_ANALYZER_NUMBER_OBJECT_CONVERSION = YES_AGGRESSIVE;
				CLANG_CXX_LANGUAGE_STANDARD = "gnu++14";
				CLANG_CXX_LIBRARY = "libc++";
				CLANG_ENABLE_MODULES = YES;
				CLANG_ENABLE_OBJC_ARC = YES;
				CLANG_ENABLE_OBJC_WEAK = YES;
				CLANG_WARN_BLOCK_CAPTURE_AUTORELEASING = YES;
				CLANG_WARN_BOOL_CONVERSION = YES;
				CLANG_WARN_COMMA = YES;
				CLANG_WARN_CONSTANT_CONVERSION = YES;
				CLANG_WARN_DEPRECATED_OBJC_IMPLEMENTATIONS = YES;
				CLANG_WARN_DIRECT_OBJC_ISA_USAGE = YES_ERROR;
				CLANG_WARN_DOCUMENTATION_COMMENTS = YES;
				CLANG_WARN_EMPTY_BODY = YES;
				CLANG_WARN_ENUM_CONVERSION = YES;
				CLANG_WARN_INFINITE_RECURSION = YES;
				CLANG_WARN_INT_CONVERSION = YES;
				CLANG_WARN_NON_LITERAL_NULL_CONVERSION = YES;
				CLANG_WARN_OBJC_IMPLICIT_RETAIN_SELF = YES;
				CLANG_WARN_OBJC_LITERAL_CONVERSION = YES;
				CLANG_WARN_OBJC_ROOT_CLASS = YES_ERROR;
				CLANG_WARN_RANGE_LOOP_ANALYSIS = YES;
				CLANG_WARN_STRICT_PROTOTYPES = YES;
				CLANG_WARN_SUSPICIOUS_MOVE = YES;
				CLANG_WARN_UNGUARDED_AVAILABILITY = YES_AGGRESSIVE;
				CLANG_WARN_UNREACHABLE_CODE = YES;
				CLANG_WARN__DUPLICATE_METHOD_MATCH = YES;
				COPY_PHASE_STRIP = NO;
				DEBUG_INFORMATION_FORMAT = dwarf;
				ENABLE_STRICT_OBJC_MSGSEND = YES;
				ENABLE_TESTABILITY = YES;
				GCC_C_LANGUAGE_STANDARD = gnu11;
				GCC_DYNAMIC_NO_PIC = NO;
				GCC_NO_COMMON_BLOCKS = YES;
				GCC_OPTIMIZATION_LEVEL = 0;
				GCC_PREPROCESSOR_DEFINITIONS = (
					"DEBUG=1",
					"$(inherited)",
				);
				GCC_WARN_64_TO_32_BIT_CONVERSION = YES;
				GCC_WARN_ABOUT_RETURN_TYPE = YES_ERROR;
				GCC_WARN_UNDECLARED_SELECTOR = YES;
				GCC_WARN_UNINITIALIZED_AUTOS = YES_AGGRESSIVE;
				GCC_WARN_UNUSED_FUNCTION = YES;
				GCC_WARN_UNUSED_VARIABLE = YES;
				IPHONEOS_DEPLOYMENT_TARGET = 13.5;
				MTL_ENABLE_DEBUG_INFO = INCLUDE_SOURCE;
				MTL_FAST_MATH = YES;
				ONLY_ACTIVE_ARCH = YES;
				SDKROOT = iphoneos;
				SWIFT_ACTIVE_COMPILATION_CONDITIONS = DEBUG;
				SWIFT_OPTIMIZATION_LEVEL = "-Onone";
			};
			name = Debug;
		};
		52D5C2482491C47900931BD5 /* Release */ = {
			isa = XCBuildConfiguration;
			buildSettings = {
				ALWAYS_SEARCH_USER_PATHS = NO;
				CLANG_ANALYZER_NONNULL = YES;
				CLANG_ANALYZER_NUMBER_OBJECT_CONVERSION = YES_AGGRESSIVE;
				CLANG_CXX_LANGUAGE_STANDARD = "gnu++14";
				CLANG_CXX_LIBRARY = "libc++";
				CLANG_ENABLE_MODULES = YES;
				CLANG_ENABLE_OBJC_ARC = YES;
				CLANG_ENABLE_OBJC_WEAK = YES;
				CLANG_WARN_BLOCK_CAPTURE_AUTORELEASING = YES;
				CLANG_WARN_BOOL_CONVERSION = YES;
				CLANG_WARN_COMMA = YES;
				CLANG_WARN_CONSTANT_CONVERSION = YES;
				CLANG_WARN_DEPRECATED_OBJC_IMPLEMENTATIONS = YES;
				CLANG_WARN_DIRECT_OBJC_ISA_USAGE = YES_ERROR;
				CLANG_WARN_DOCUMENTATION_COMMENTS = YES;
				CLANG_WARN_EMPTY_BODY = YES;
				CLANG_WARN_ENUM_CONVERSION = YES;
				CLANG_WARN_INFINITE_RECURSION = YES;
				CLANG_WARN_INT_CONVERSION = YES;
				CLANG_WARN_NON_LITERAL_NULL_CONVERSION = YES;
				CLANG_WARN_OBJC_IMPLICIT_RETAIN_SELF = YES;
				CLANG_WARN_OBJC_LITERAL_CONVERSION = YES;
				CLANG_WARN_OBJC_ROOT_CLASS = YES_ERROR;
				CLANG_WARN_RANGE_LOOP_ANALYSIS = YES;
				CLANG_WARN_STRICT_PROTOTYPES = YES;
				CLANG_WARN_SUSPICIOUS_MOVE = YES;
				CLANG_WARN_UNGUARDED_AVAILABILITY = YES_AGGRESSIVE;
				CLANG_WARN_UNREACHABLE_CODE = YES;
				CLANG_WARN__DUPLICATE_METHOD_MATCH = YES;
				COPY_PHASE_STRIP = NO;
				DEBUG_INFORMATION_FORMAT = "dwarf-with-dsym";
				ENABLE_NS_ASSERTIONS = NO;
				ENABLE_STRICT_OBJC_MSGSEND = YES;
				GCC_C_LANGUAGE_STANDARD = gnu11;
				GCC_NO_COMMON_BLOCKS = YES;
				GCC_WARN_64_TO_32_BIT_CONVERSION = YES;
				GCC_WARN_ABOUT_RETURN_TYPE = YES_ERROR;
				GCC_WARN_UNDECLARED_SELECTOR = YES;
				GCC_WARN_UNINITIALIZED_AUTOS = YES_AGGRESSIVE;
				GCC_WARN_UNUSED_FUNCTION = YES;
				GCC_WARN_UNUSED_VARIABLE = YES;
				IPHONEOS_DEPLOYMENT_TARGET = 13.5;
				MTL_ENABLE_DEBUG_INFO = NO;
				MTL_FAST_MATH = YES;
				SDKROOT = iphoneos;
				SWIFT_COMPILATION_MODE = wholemodule;
				SWIFT_OPTIMIZATION_LEVEL = "-O";
				VALIDATE_PRODUCT = YES;
			};
			name = Release;
		};
		52D5C24A2491C47900931BD5 /* Debug */ = {
			isa = XCBuildConfiguration;
			buildSettings = {
				ASSETCATALOG_COMPILER_APPICON_NAME = AppIcon;
				CODE_SIGN_STYLE = Automatic;
				DEVELOPMENT_TEAM = WRXW3U8AZ5;
				INFOPLIST_FILE = "SONYC Initial Project Part 2/Info.plist";
				LD_RUNPATH_SEARCH_PATHS = (
					"$(inherited)",
					"@executable_path/Frameworks",
				);
				PRODUCT_BUNDLE_IDENTIFIER = "com.modouniang.SONYC-Initial-Project-Part-2";
				PRODUCT_NAME = "$(TARGET_NAME)";
				SWIFT_VERSION = 5.0;
				TARGETED_DEVICE_FAMILY = "1,2";
			};
			name = Debug;
		};
		52D5C24B2491C47900931BD5 /* Release */ = {
			isa = XCBuildConfiguration;
			buildSettings = {
				ASSETCATALOG_COMPILER_APPICON_NAME = AppIcon;
				CODE_SIGN_STYLE = Automatic;
				DEVELOPMENT_TEAM = WRXW3U8AZ5;
				INFOPLIST_FILE = "SONYC Initial Project Part 2/Info.plist";
				LD_RUNPATH_SEARCH_PATHS = (
					"$(inherited)",
					"@executable_path/Frameworks",
				);
				PRODUCT_BUNDLE_IDENTIFIER = "com.modouniang.SONYC-Initial-Project-Part-2";
				PRODUCT_NAME = "$(TARGET_NAME)";
				SWIFT_VERSION = 5.0;
				TARGETED_DEVICE_FAMILY = "1,2";
			};
			name = Release;
		};
		52D5C24D2491C47900931BD5 /* Debug */ = {
			isa = XCBuildConfiguration;
			buildSettings = {
				ALWAYS_EMBED_SWIFT_STANDARD_LIBRARIES = YES;
				BUNDLE_LOADER = "$(TEST_HOST)";
				CODE_SIGN_STYLE = Automatic;
				DEVELOPMENT_TEAM = WRXW3U8AZ5;
				INFOPLIST_FILE = "SONYC Initial Project Part 2Tests/Info.plist";
				IPHONEOS_DEPLOYMENT_TARGET = 13.5;
				LD_RUNPATH_SEARCH_PATHS = (
					"$(inherited)",
					"@executable_path/Frameworks",
					"@loader_path/Frameworks",
				);
				PRODUCT_BUNDLE_IDENTIFIER = "com.modouniang.SONYC-Initial-Project-Part-2Tests";
				PRODUCT_NAME = "$(TARGET_NAME)";
				SWIFT_VERSION = 5.0;
				TARGETED_DEVICE_FAMILY = "1,2";
				TEST_HOST = "$(BUILT_PRODUCTS_DIR)/SONYC Initial Project Part 2.app/SONYC Initial Project Part 2";
			};
			name = Debug;
		};
		52D5C24E2491C47900931BD5 /* Release */ = {
			isa = XCBuildConfiguration;
			buildSettings = {
				ALWAYS_EMBED_SWIFT_STANDARD_LIBRARIES = YES;
				BUNDLE_LOADER = "$(TEST_HOST)";
				CODE_SIGN_STYLE = Automatic;
				DEVELOPMENT_TEAM = WRXW3U8AZ5;
				INFOPLIST_FILE = "SONYC Initial Project Part 2Tests/Info.plist";
				IPHONEOS_DEPLOYMENT_TARGET = 13.5;
				LD_RUNPATH_SEARCH_PATHS = (
					"$(inherited)",
					"@executable_path/Frameworks",
					"@loader_path/Frameworks",
				);
				PRODUCT_BUNDLE_IDENTIFIER = "com.modouniang.SONYC-Initial-Project-Part-2Tests";
				PRODUCT_NAME = "$(TARGET_NAME)";
				SWIFT_VERSION = 5.0;
				TARGETED_DEVICE_FAMILY = "1,2";
				TEST_HOST = "$(BUILT_PRODUCTS_DIR)/SONYC Initial Project Part 2.app/SONYC Initial Project Part 2";
			};
			name = Release;
		};
		52D5C2502491C47900931BD5 /* Debug */ = {
			isa = XCBuildConfiguration;
			buildSettings = {
				ALWAYS_EMBED_SWIFT_STANDARD_LIBRARIES = YES;
				CODE_SIGN_STYLE = Automatic;
				DEVELOPMENT_TEAM = WRXW3U8AZ5;
				INFOPLIST_FILE = "SONYC Initial Project Part 2UITests/Info.plist";
				LD_RUNPATH_SEARCH_PATHS = (
					"$(inherited)",
					"@executable_path/Frameworks",
					"@loader_path/Frameworks",
				);
				PRODUCT_BUNDLE_IDENTIFIER = "com.modouniang.SONYC-Initial-Project-Part-2UITests";
				PRODUCT_NAME = "$(TARGET_NAME)";
				SWIFT_VERSION = 5.0;
				TARGETED_DEVICE_FAMILY = "1,2";
				TEST_TARGET_NAME = "SONYC Initial Project Part 2";
			};
			name = Debug;
		};
		52D5C2512491C47900931BD5 /* Release */ = {
			isa = XCBuildConfiguration;
			buildSettings = {
				ALWAYS_EMBED_SWIFT_STANDARD_LIBRARIES = YES;
				CODE_SIGN_STYLE = Automatic;
				DEVELOPMENT_TEAM = WRXW3U8AZ5;
				INFOPLIST_FILE = "SONYC Initial Project Part 2UITests/Info.plist";
				LD_RUNPATH_SEARCH_PATHS = (
					"$(inherited)",
					"@executable_path/Frameworks",
					"@loader_path/Frameworks",
				);
				PRODUCT_BUNDLE_IDENTIFIER = "com.modouniang.SONYC-Initial-Project-Part-2UITests";
				PRODUCT_NAME = "$(TARGET_NAME)";
				SWIFT_VERSION = 5.0;
				TARGETED_DEVICE_FAMILY = "1,2";
				TEST_TARGET_NAME = "SONYC Initial Project Part 2";
			};
			name = Release;
		};
/* End XCBuildConfiguration section */

/* Begin XCConfigurationList section */
		52D5C21A2491C47300931BD5 /* Build configuration list for PBXProject "SONYC Initial Project Part 2" */ = {
			isa = XCConfigurationList;
			buildConfigurations = (
				52D5C2472491C47900931BD5 /* Debug */,
				52D5C2482491C47900931BD5 /* Release */,
			);
			defaultConfigurationIsVisible = 0;
			defaultConfigurationName = Release;
		};
		52D5C2492491C47900931BD5 /* Build configuration list for PBXNativeTarget "SONYC Initial Project Part 2" */ = {
			isa = XCConfigurationList;
			buildConfigurations = (
				52D5C24A2491C47900931BD5 /* Debug */,
				52D5C24B2491C47900931BD5 /* Release */,
			);
			defaultConfigurationIsVisible = 0;
			defaultConfigurationName = Release;
		};
		52D5C24C2491C47900931BD5 /* Build configuration list for PBXNativeTarget "SONYC Initial Project Part 2Tests" */ = {
			isa = XCConfigurationList;
			buildConfigurations = (
				52D5C24D2491C47900931BD5 /* Debug */,
				52D5C24E2491C47900931BD5 /* Release */,
			);
			defaultConfigurationIsVisible = 0;
			defaultConfigurationName = Release;
		};
		52D5C24F2491C47900931BD5 /* Build configuration list for PBXNativeTarget "SONYC Initial Project Part 2UITests" */ = {
			isa = XCConfigurationList;
			buildConfigurations = (
				52D5C2502491C47900931BD5 /* Debug */,
				52D5C2512491C47900931BD5 /* Release */,
			);
			defaultConfigurationIsVisible = 0;
			defaultConfigurationName = Release;
		};
/* End XCConfigurationList section */
	};
	rootObject = 52D5C2172491C47300931BD5 /* Project object */;
}
